
Microsoft Visual Studio Solution File, Format Version 12.00
# Visual Studio Version 17
VisualStudioVersion = 17.0.31903.59
MinimumVisualStudioVersion = 10.0.40219.1
Project("{2150E333-8FDC-42A3-9474-1A3956D46DE8}") = "src", "src", "{827E0CD3-B72D-47B6-A68D-7590B98EB39B}"
EndProject
Project("{FAE04EC0-301F-11D3-BF4B-00C04F79EFBC}") = "ExtremeLauncher.Core", "src\ExtremeLauncher.Core\ExtremeLauncher.Core.csproj", "{930532A0-CCB0-4E41-95FE-34E475DBF631}"
EndProject
Project("{FAE04EC0-301F-11D3-BF4B-00C04F79EFBC}") = "ExtremeLauncher.Core.Tests", "tests\ExtremeLauncher.Core.Tests\ExtremeLauncher.Core.Tests.csproj", "{16AEA836-F506-417E-B797-B2D107C77C46}"
EndProject
Project("{FAE04EC0-301F-11D3-BF4B-00C04F79EFBC}") = "ExtremeLauncher.Minecraft", "src\ExtremeLauncher.Minecraft\ExtremeLauncher.Minecraft.csproj", "{6CEA6296-A7B1-47F7-82CA-13003E6CD17F}"
EndProject
Project("{FAE04EC0-301F-11D3-BF4B-00C04F79EFBC}") = "ExtremeLauncher.Minecraft.Tests", "tests\ExtremeLauncher.Minecraft.Tests\ExtremeLauncher.Minecraft.Tests.csproj", "{04F60A49-5ACA-405A-ABCE-D813E5F24356}"
EndProject
Project("{FAE04EC0-301F-11D3-BF4B-00C04F79EFBC}") = "ExtremeLauncher.Tasks", "src\ExtremeLauncher.Tasks\ExtremeLauncher.Tasks.csproj", "{B31B7AA2-993F-4389-8F5D-A0D163562446}"
EndProject
Project("{FAE04EC0-301F-11D3-BF4B-00C04F79EFBC}") = "ExtremeLauncher.Tasks.Tests", "tests\ExtremeLauncher.Tasks.Tests\ExtremeLauncher.Tasks.Tests.csproj", "{8EC5DD02-4EA1-494C-AA41-DC8400DEF8A3}"
EndProject
Project("{FAE04EC0-301F-11D3-BF4B-00C04F79EFBC}") = "ExtremeLauncher.Net", "src\ExtremeLauncher.Net\ExtremeLauncher.Net.csproj", "{7FAEEA7E-2198-4E52-BA33-2ED37648431F}"
EndProject
Project("{FAE04EC0-301F-11D3-BF4B-00C04F79EFBC}") = "ExtremeLauncher.Net.Tests", "tests\ExtremeLauncher.Net.Tests\ExtremeLauncher.Net.Tests.csproj", "{016DDC5D-59D2-47A7-9B66-7304E02FA642}"
EndProject
Project("{FAE04EC0-301F-11D3-BF4B-00C04F79EFBC}") = "ExtremeLauncher.Java", "src\ExtremeLauncher.Java\ExtremeLauncher.Java.csproj", "{6C9C0985-BF8E-4B9A-861F-E8716AB803CF}"
EndProject
Project("{FAE04EC0-301F-11D3-BF4B-00C04F79EFBC}") = "ExtremeLauncher.Java.Tests", "tests\ExtremeLauncher.Java.Tests\ExtremeLauncher.Java.Tests.csproj", "{36B1A821-1AD2-4BD4-B08E-A149635C7983}"
EndProject
Project("{FAE04EC0-301F-11D3-BF4B-00C04F79EFBC}") = "ExtremeLauncher.Settings", "src\ExtremeLauncher.Settings\ExtremeLauncher.Settings.csproj", "{84D42EAC-7797-4DD3-99BB-E00257FBA64D}"
EndProject
Project("{FAE04EC0-301F-11D3-BF4B-00C04F79EFBC}") = "ExtremeLauncher.Settings.Tests", "tests\ExtremeLauncher.Settings.Tests\ExtremeLauncher.Settings.Tests.csproj", "{B0AA68EF-A13B-4130-A2E8-EA7F99FCEC57}"
EndProject
Project("{FAE04EC0-301F-11D3-BF4B-00C04F79EFBC}") = "ExtremeLauncher.Meta", "src\ExtremeLauncher.Meta\ExtremeLauncher.Meta.csproj", "{BBF252CB-E745-4E78-A8A2-CA4EEBFD08D4}"
EndProject
Project("{FAE04EC0-301F-11D3-BF4B-00C04F79EFBC}") = "ExtremeLauncher.Meta.Tests", "tests\ExtremeLauncher.Meta.Tests\ExtremeLauncher.Meta.Tests.csproj", "{D094AB26-BBE0-4810-9AFC-E2B84A43BC0C}"
EndProject
Project("{FAE04EC0-301F-11D3-BF4B-00C04F79EFBC}") = "ExtremeLauncher.Launch", "src\ExtremeLauncher.Launch\ExtremeLauncher.Launch.csproj", "{58065011-30AB-4194-9406-3B5EBE8D1C18}"
EndProject
Project("{FAE04EC0-301F-11D3-BF4B-00C04F79EFBC}") = "ExtremeLauncher.Launch.Tests", "tests\ExtremeLauncher.Launch.Tests\ExtremeLauncher.Launch.Tests.csproj", "{3BC5D356-507C-40D4-972E-A4CCD013030C}"
EndProject
Project("{FAE04EC0-301F-11D3-BF4B-00C04F79EFBC}") = "ExtremeLauncher.Cli", "src\ExtremeLauncher.Cli\ExtremeLauncher.Cli.csproj", "{D07E87AE-2785-44B0-9D05-77CD0A6789C5}"
EndProject
Project("{FAE04EC0-301F-11D3-BF4B-00C04F79EFBC}") = "ExtremeLauncher.ModPlatform", "src\ExtremeLauncher.ModPlatform\ExtremeLauncher.ModPlatform.csproj", "{69B53E58-3FA5-4E2C-8067-13250C6DFC29}"
EndProject
Project("{FAE04EC0-301F-11D3-BF4B-00C04F79EFBC}") = "ExtremeLauncher.ModPlatform.Tests", "tests\ExtremeLauncher.ModPlatform.Tests\ExtremeLauncher.ModPlatform.Tests.csproj", "{FAB21A12-535D-4B47-B529-E9D1AF9122D2}"
EndProject
Project("{FAE04EC0-301F-11D3-BF4B-00C04F79EFBC}") = "ExtremeLauncher.ViewModels", "src\ExtremeLauncher.ViewModels\ExtremeLauncher.ViewModels.csproj", "{BC967361-E0EC-4D55-8EA4-6F9CB3383D75}"
EndProject
Project("{FAE04EC0-301F-11D3-BF4B-00C04F79EFBC}") = "ExtremeLauncher.ViewModels.Tests", "tests\ExtremeLauncher.ViewModels.Tests\ExtremeLauncher.ViewModels.Tests.csproj", "{0E6E304A-A0FF-40F0-8D8D-A5C952CE7285}"
EndProject
Project("{FAE04EC0-301F-11D3-BF4B-00C04F79EFBC}") = "ExtremeLauncher.App", "src\ExtremeLauncher.App\ExtremeLauncher.App.csproj", "{FDF8AB65-3D5A-462F-BD79-E1AE5EC2577A}"
EndProject
Project("{2150E333-8FDC-42A3-9474-1A3956D46DE8}") = "tests", "tests", "{0AB3BF05-4346-4AA6-1389-037BE0695223}"
EndProject
Project("{FAE04EC0-301F-11D3-BF4B-00C04F79EFBC}") = "ExtremeLauncher.App.Tests", "tests\ExtremeLauncher.App.Tests\ExtremeLauncher.App.Tests.csproj", "{EE3AD0AF-BE45-486F-AD01-E98454449E38}"
EndProject
Project("{FAE04EC0-301F-11D3-BF4B-00C04F79EFBC}") = "ExtremeLauncher.Cli.Tests", "tests\ExtremeLauncher.Cli.Tests\ExtremeLauncher.Cli.Tests.csproj", "{01AC8F29-98DF-404B-BA53-C93A7D331A3F}"
EndProject
Global
	GlobalSection(SolutionConfigurationPlatforms) = preSolution
		Debug|Any CPU = Debug|Any CPU
		Debug|x64 = Debug|x64
		Debug|x86 = Debug|x86
		Release|Any CPU = Release|Any CPU
		Release|x64 = Release|x64
		Release|x86 = Release|x86
	EndGlobalSection
	GlobalSection(ProjectConfigurationPlatforms) = postSolution
		{930532A0-CCB0-4E41-95FE-34E475DBF631}.Debug|Any CPU.ActiveCfg = Debug|Any CPU
		{930532A0-CCB0-4E41-95FE-34E475DBF631}.Debug|Any CPU.Build.0 = Debug|Any CPU
		{930532A0-CCB0-4E41-95FE-34E475DBF631}.Debug|x64.ActiveCfg = Debug|Any CPU
		{930532A0-CCB0-4E41-95FE-34E475DBF631}.Debug|x64.Build.0 = Debug|Any CPU
		{930532A0-CCB0-4E41-95FE-34E475DBF631}.Debug|x86.ActiveCfg = Debug|Any CPU
		{930532A0-CCB0-4E41-95FE-34E475DBF631}.Debug|x86.Build.0 = Debug|Any CPU
		{930532A0-CCB0-4E41-95FE-34E475DBF631}.Release|Any CPU.ActiveCfg = Release|Any CPU
		{930532A0-CCB0-4E41-95FE-34E475DBF631}.Release|Any CPU.Build.0 = Release|Any CPU
		{930532A0-CCB0-4E41-95FE-34E475DBF631}.Release|x64.ActiveCfg = Release|Any CPU
		{930532A0-CCB0-4E41-95FE-34E475DBF631}.Release|x64.Build.0 = Release|Any CPU
		{930532A0-CCB0-4E41-95FE-34E475DBF631}.Release|x86.ActiveCfg = Release|Any CPU
		{930532A0-CCB0-4E41-95FE-34E475DBF631}.Release|x86.Build.0 = Release|Any CPU
		{16AEA836-F506-417E-B797-B2D107C77C46}.Debug|Any CPU.ActiveCfg = Debug|Any CPU
		{16AEA836-F506-417E-B797-B2D107C77C46}.Debug|Any CPU.Build.0 = Debug|Any CPU
		{16AEA836-F506-417E-B797-B2D107C77C46}.Debug|x64.ActiveCfg = Debug|Any CPU
		{16AEA836-F506-417E-B797-B2D107C77C46}.Debug|x64.Build.0 = Debug|Any CPU
		{16AEA836-F506-417E-B797-B2D107C77C46}.Debug|x86.ActiveCfg = Debug|Any CPU
		{16AEA836-F506-417E-B797-B2D107C77C46}.Debug|x86.Build.0 = Debug|Any CPU
		{16AEA836-F506-417E-B797-B2D107C77C46}.Release|Any CPU.ActiveCfg = Release|Any CPU
		{16AEA836-F506-417E-B797-B2D107C77C46}.Release|Any CPU.Build.0 = Release|Any CPU
		{16AEA836-F506-417E-B797-B2D107C77C46}.Release|x64.ActiveCfg = Release|Any CPU
		{16AEA836-F506-417E-B797-B2D107C77C46}.Release|x64.Build.0 = Release|Any CPU
		{16AEA836-F506-417E-B797-B2D107C77C46}.Release|x86.ActiveCfg = Release|Any CPU
		{16AEA836-F506-417E-B797-B2D107C77C46}.Release|x86.Build.0 = Release|Any CPU
		{6CEA6296-A7B1-47F7-82CA-13003E6CD17F}.Debug|Any CPU.ActiveCfg = Debug|Any CPU
		{6CEA6296-A7B1-47F7-82CA-13003E6CD17F}.Debug|Any CPU.Build.0 = Debug|Any CPU
		{6CEA6296-A7B1-47F7-82CA-13003E6CD17F}.Debug|x64.ActiveCfg = Debug|Any CPU
		{6CEA6296-A7B1-47F7-82CA-13003E6CD17F}.Debug|x64.Build.0 = Debug|Any CPU
		{6CEA6296-A7B1-47F7-82CA-13003E6CD17F}.Debug|x86.ActiveCfg = Debug|Any CPU
		{6CEA6296-A7B1-47F7-82CA-13003E6CD17F}.Debug|x86.Build.0 = Debug|Any CPU
		{6CEA6296-A7B1-47F7-82CA-13003E6CD17F}.Release|Any CPU.ActiveCfg = Release|Any CPU
		{6CEA6296-A7B1-47F7-82CA-13003E6CD17F}.Release|Any CPU.Build.0 = Release|Any CPU
		{6CEA6296-A7B1-47F7-82CA-13003E6CD17F}.Release|x64.ActiveCfg = Release|Any CPU
		{6CEA6296-A7B1-47F7-82CA-13003E6CD17F}.Release|x64.Build.0 = Release|Any CPU
		{6CEA6296-A7B1-47F7-82CA-13003E6CD17F}.Release|x86.ActiveCfg = Release|Any CPU
		{6CEA6296-A7B1-47F7-82CA-13003E6CD17F}.Release|x86.Build.0 = Release|Any CPU
		{04F60A49-5ACA-405A-ABCE-D813E5F24356}.Debug|Any CPU.ActiveCfg = Debug|Any CPU
		{04F60A49-5ACA-405A-ABCE-D813E5F24356}.Debug|Any CPU.Build.0 = Debug|Any CPU
		{04F60A49-5ACA-405A-ABCE-D813E5F24356}.Debug|x64.ActiveCfg = Debug|Any CPU
		{04F60A49-5ACA-405A-ABCE-D813E5F24356}.Debug|x64.Build.0 = Debug|Any CPU
		{04F60A49-5ACA-405A-ABCE-D813E5F24356}.Debug|x86.ActiveCfg = Debug|Any CPU
		{04F60A49-5ACA-405A-ABCE-D813E5F24356}.Debug|x86.Build.0 = Debug|Any CPU
		{04F60A49-5ACA-405A-ABCE-D813E5F24356}.Release|Any CPU.ActiveCfg = Release|Any CPU
		{04F60A49-5ACA-405A-ABCE-D813E5F24356}.Release|Any CPU.Build.0 = Release|Any CPU
		{04F60A49-5ACA-405A-ABCE-D813E5F24356}.Release|x64.ActiveCfg = Release|Any CPU
		{04F60A49-5ACA-405A-ABCE-D813E5F24356}.Release|x64.Build.0 = Release|Any CPU
		{04F60A49-5ACA-405A-ABCE-D813E5F24356}.Release|x86.ActiveCfg = Release|Any CPU
		{04F60A49-5ACA-405A-ABCE-D813E5F24356}.Release|x86.Build.0 = Release|Any CPU
		{B31B7AA2-993F-4389-8F5D-A0D163562446}.Debug|Any CPU.ActiveCfg = Debug|Any CPU
		{B31B7AA2-993F-4389-8F5D-A0D163562446}.Debug|Any CPU.Build.0 = Debug|Any CPU
		{B31B7AA2-993F-4389-8F5D-A0D163562446}.Debug|x64.ActiveCfg = Debug|Any CPU
		{B31B7AA2-993F-4389-8F5D-A0D163562446}.Debug|x64.Build.0 = Debug|Any CPU
		{B31B7AA2-993F-4389-8F5D-A0D163562446}.Debug|x86.ActiveCfg = Debug|Any CPU
		{B31B7AA2-993F-4389-8F5D-A0D163562446}.Debug|x86.Build.0 = Debug|Any CPU
		{B31B7AA2-993F-4389-8F5D-A0D163562446}.Release|Any CPU.ActiveCfg = Release|Any CPU
		{B31B7AA2-993F-4389-8F5D-A0D163562446}.Release|Any CPU.Build.0 = Release|Any CPU
		{B31B7AA2-993F-4389-8F5D-A0D163562446}.Release|x64.ActiveCfg = Release|Any CPU
		{B31B7AA2-993F-4389-8F5D-A0D163562446}.Release|x64.Build.0 = Release|Any CPU
		{B31B7AA2-993F-4389-8F5D-A0D163562446}.Release|x86.ActiveCfg = Release|Any CPU
		{B31B7AA2-993F-4389-8F5D-A0D163562446}.Release|x86.Build.0 = Release|Any CPU
		{8EC5DD02-4EA1-494C-AA41-DC8400DEF8A3}.Debug|Any CPU.ActiveCfg = Debug|Any CPU
		{8EC5DD02-4EA1-494C-AA41-DC8400DEF8A3}.Debug|Any CPU.Build.0 = Debug|Any CPU
		{8EC5DD02-4EA1-494C-AA41-DC8400DEF8A3}.Debug|x64.ActiveCfg = Debug|Any CPU
		{8EC5DD02-4EA1-494C-AA41-DC8400DEF8A3}.Debug|x64.Build.0 = Debug|Any CPU
		{8EC5DD02-4EA1-494C-AA41-DC8400DEF8A3}.Debug|x86.ActiveCfg = Debug|Any CPU
		{8EC5DD02-4EA1-494C-AA41-DC8400DEF8A3}.Debug|x86.Build.0 = Debug|Any CPU
		{8EC5DD02-4EA1-494C-AA41-DC8400DEF8A3}.Release|Any CPU.ActiveCfg = Release|Any CPU
		{8EC5DD02-4EA1-494C-AA41-DC8400DEF8A3}.Release|Any CPU.Build.0 = Release|Any CPU
		{8EC5DD02-4EA1-494C-AA41-DC8400DEF8A3}.Release|x64.ActiveCfg = Release|Any CPU
		{8EC5DD02-4EA1-494C-AA41-DC8400DEF8A3}.Release|x64.Build.0 = Release|Any CPU
		{8EC5DD02-4EA1-494C-AA41-DC8400DEF8A3}.Release|x86.ActiveCfg = Release|Any CPU
		{8EC5DD02-4EA1-494C-AA41-DC8400DEF8A3}.Release|x86.Build.0 = Release|Any CPU
		{7FAEEA7E-2198-4E52-BA33-2ED37648431F}.Debug|Any CPU.ActiveCfg = Debug|Any CPU
		{7FAEEA7E-2198-4E52-BA33-2ED37648431F}.Debug|Any CPU.Build.0 = Debug|Any CPU
		{7FAEEA7E-2198-4E52-BA33-2ED37648431F}.Debug|x64.ActiveCfg = Debug|Any CPU
		{7FAEEA7E-2198-4E52-BA33-2ED37648431F}.Debug|x64.Build.0 = Debug|Any CPU
		{7FAEEA7E-2198-4E52-BA33-2ED37648431F}.Debug|x86.ActiveCfg = Debug|Any CPU
		{7FAEEA7E-2198-4E52-BA33-2ED37648431F}.Debug|x86.Build.0 = Debug|Any CPU
		{7FAEEA7E-2198-4E52-BA33-2ED37648431F}.Release|Any CPU.ActiveCfg = Release|Any CPU
		{7FAEEA7E-2198-4E52-BA33-2ED37648431F}.Release|Any CPU.Build.0 = Release|Any CPU
		{7FAEEA7E-2198-4E52-BA33-2ED37648431F}.Release|x64.ActiveCfg = Release|Any CPU
		{7FAEEA7E-2198-4E52-BA33-2ED37648431F}.Release|x64.Build.0 = Release|Any CPU
		{7FAEEA7E-2198-4E52-BA33-2ED37648431F}.Release|x86.ActiveCfg = Release|Any CPU
		{7FAEEA7E-2198-4E52-BA33-2ED37648431F}.Release|x86.Build.0 = Release|Any CPU
		{016DDC5D-59D2-47A7-9B66-7304E02FA642}.Debug|Any CPU.ActiveCfg = Debug|Any CPU
		{016DDC5D-59D2-47A7-9B66-7304E02FA642}.Debug|Any CPU.Build.0 = Debug|Any CPU
		{016DDC5D-59D2-47A7-9B66-7304E02FA642}.Debug|x64.ActiveCfg = Debug|Any CPU
		{016DDC5D-59D2-47A7-9B66-7304E02FA642}.Debug|x64.Build.0 = Debug|Any CPU
		{016DDC5D-59D2-47A7-9B66-7304E02FA642}.Debug|x86.ActiveCfg = Debug|Any CPU
		{016DDC5D-59D2-47A7-9B66-7304E02FA642}.Debug|x86.Build.0 = Debug|Any CPU
		{016DDC5D-59D2-47A7-9B66-7304E02FA642}.Release|Any CPU.ActiveCfg = Release|Any CPU
		{016DDC5D-59D2-47A7-9B66-7304E02FA642}.Release|Any CPU.Build.0 = Release|Any CPU
		{016DDC5D-59D2-47A7-9B66-7304E02FA642}.Release|x64.ActiveCfg = Release|Any CPU
		{016DDC5D-59D2-47A7-9B66-7304E02FA642}.Release|x64.Build.0 = Release|Any CPU
		{016DDC5D-59D2-47A7-9B66-7304E02FA642}.Release|x86.ActiveCfg = Release|Any CPU
		{016DDC5D-59D2-47A7-9B66-7304E02FA642}.Release|x86.Build.0 = Release|Any CPU
		{6C9C0985-BF8E-4B9A-861F-E8716AB803CF}.Debug|Any CPU.ActiveCfg = Debug|Any CPU
		{6C9C0985-BF8E-4B9A-861F-E8716AB803CF}.Debug|Any CPU.Build.0 = Debug|Any CPU
		{6C9C0985-BF8E-4B9A-861F-E8716AB803CF}.Debug|x64.ActiveCfg = Debug|Any CPU
		{6C9C0985-BF8E-4B9A-861F-E8716AB803CF}.Debug|x64.Build.0 = Debug|Any CPU
		{6C9C0985-BF8E-4B9A-861F-E8716AB803CF}.Debug|x86.ActiveCfg = Debug|Any CPU
		{6C9C0985-BF8E-4B9A-861F-E8716AB803CF}.Debug|x86.Build.0 = Debug|Any CPU
		{6C9C0985-BF8E-4B9A-861F-E8716AB803CF}.Release|Any CPU.ActiveCfg = Release|Any CPU
		{6C9C0985-BF8E-4B9A-861F-E8716AB803CF}.Release|Any CPU.Build.0 = Release|Any CPU
		{6C9C0985-BF8E-4B9A-861F-E8716AB803CF}.Release|x64.ActiveCfg = Release|Any CPU
		{6C9C0985-BF8E-4B9A-861F-E8716AB803CF}.Release|x64.Build.0 = Release|Any CPU
		{6C9C0985-BF8E-4B9A-861F-E8716AB803CF}.Release|x86.ActiveCfg = Release|Any CPU
		{6C9C0985-BF8E-4B9A-861F-E8716AB803CF}.Release|x86.Build.0 = Release|Any CPU
		{36B1A821-1AD2-4BD4-B08E-A149635C7983}.Debug|Any CPU.ActiveCfg = Debug|Any CPU
		{36B1A821-1AD2-4BD4-B08E-A149635C7983}.Debug|Any CPU.Build.0 = Debug|Any CPU
		{36B1A821-1AD2-4BD4-B08E-A149635C7983}.Debug|x64.ActiveCfg = Debug|Any CPU
		{36B1A821-1AD2-4BD4-B08E-A149635C7983}.Debug|x64.Build.0 = Debug|Any CPU
		{36B1A821-1AD2-4BD4-B08E-A149635C7983}.Debug|x86.ActiveCfg = Debug|Any CPU
		{36B1A821-1AD2-4BD4-B08E-A149635C7983}.Debug|x86.Build.0 = Debug|Any CPU
		{36B1A821-1AD2-4BD4-B08E-A149635C7983}.Release|Any CPU.ActiveCfg = Release|Any CPU
		{36B1A821-1AD2-4BD4-B08E-A149635C7983}.Release|Any CPU.Build.0 = Release|Any CPU
		{36B1A821-1AD2-4BD4-B08E-A149635C7983}.Release|x64.ActiveCfg = Release|Any CPU
		{36B1A821-1AD2-4BD4-B08E-A149635C7983}.Release|x64.Build.0 = Release|Any CPU
		{36B1A821-1AD2-4BD4-B08E-A149635C7983}.Release|x86.ActiveCfg = Release|Any CPU
		{36B1A821-1AD2-4BD4-B08E-A149635C7983}.Release|x86.Build.0 = Release|Any CPU
		{84D42EAC-7797-4DD3-99BB-E00257FBA64D}.Debug|Any CPU.ActiveCfg = Debug|Any CPU
		{84D42EAC-7797-4DD3-99BB-E00257FBA64D}.Debug|Any CPU.Build.0 = Debug|Any CPU
		{84D42EAC-7797-4DD3-99BB-E00257FBA64D}.Debug|x64.ActiveCfg = Debug|Any CPU
		{84D42EAC-7797-4DD3-99BB-E00257FBA64D}.Debug|x64.Build.0 = Debug|Any CPU
		{84D42EAC-7797-4DD3-99BB-E00257FBA64D}.Debug|x86.ActiveCfg = Debug|Any CPU
		{84D42EAC-7797-4DD3-99BB-E00257FBA64D}.Debug|x86.Build.0 = Debug|Any CPU
		{84D42EAC-7797-4DD3-99BB-E00257FBA64D}.Release|Any CPU.ActiveCfg = Release|Any CPU
		{84D42EAC-7797-4DD3-99BB-E00257FBA64D}.Release|Any CPU.Build.0 = Release|Any CPU
		{84D42EAC-7797-4DD3-99BB-E00257FBA64D}.Release|x64.ActiveCfg = Release|Any CPU
		{84D42EAC-7797-4DD3-99BB-E00257FBA64D}.Release|x64.Build.0 = Release|Any CPU
		{84D42EAC-7797-4DD3-99BB-E00257FBA64D}.Release|x86.ActiveCfg = Release|Any CPU
		{84D42EAC-7797-4DD3-99BB-E00257FBA64D}.Release|x86.Build.0 = Release|Any CPU
		{B0AA68EF-A13B-4130-A2E8-EA7F99FCEC57}.Debug|Any CPU.ActiveCfg = Debug|Any CPU
		{B0AA68EF-A13B-4130-A2E8-EA7F99FCEC57}.Debug|Any CPU.Build.0 = Debug|Any CPU
		{B0AA68EF-A13B-4130-A2E8-EA7F99FCEC57}.Debug|x64.ActiveCfg = Debug|Any CPU
		{B0AA68EF-A13B-4130-A2E8-EA7F99FCEC57}.Debug|x64.Build.0 = Debug|Any CPU
		{B0AA68EF-A13B-4130-A2E8-EA7F99FCEC57}.Debug|x86.ActiveCfg = Debug|Any CPU
		{B0AA68EF-A13B-4130-A2E8-EA7F99FCEC57}.Debug|x86.Build.0 = Debug|Any CPU
		{B0AA68EF-A13B-4130-A2E8-EA7F99FCEC57}.Release|Any CPU.ActiveCfg = Release|Any CPU
		{B0AA68EF-A13B-4130-A2E8-EA7F99FCEC57}.Release|Any CPU.Build.0 = Release|Any CPU
		{B0AA68EF-A13B-4130-A2E8-EA7F99FCEC57}.Release|x64.ActiveCfg = Release|Any CPU
		{B0AA68EF-A13B-4130-A2E8-EA7F99FCEC57}.Release|x64.Build.0 = Release|Any CPU
		{B0AA68EF-A13B-4130-A2E8-EA7F99FCEC57}.Release|x86.ActiveCfg = Release|Any CPU
		{B0AA68EF-A13B-4130-A2E8-EA7F99FCEC57}.Release|x86.Build.0 = Release|Any CPU
		{BBF252CB-E745-4E78-A8A2-CA4EEBFD08D4}.Debug|Any CPU.ActiveCfg = Debug|Any CPU
		{BBF252CB-E745-4E78-A8A2-CA4EEBFD08D4}.Debug|Any CPU.Build.0 = Debug|Any CPU
		{BBF252CB-E745-4E78-A8A2-CA4EEBFD08D4}.Debug|x64.ActiveCfg = Debug|Any CPU
		{BBF252CB-E745-4E78-A8A2-CA4EEBFD08D4}.Debug|x64.Build.0 = Debug|Any CPU
		{BBF252CB-E745-4E78-A8A2-CA4EEBFD08D4}.Debug|x86.ActiveCfg = Debug|Any CPU
		{BBF252CB-E745-4E78-A8A2-CA4EEBFD08D4}.Debug|x86.Build.0 = Debug|Any CPU
		{BBF252CB-E745-4E78-A8A2-CA4EEBFD08D4}.Release|Any CPU.ActiveCfg = Release|Any CPU
		{BBF252CB-E745-4E78-A8A2-CA4EEBFD08D4}.Release|Any CPU.Build.0 = Release|Any CPU
		{BBF252CB-E745-4E78-A8A2-CA4EEBFD08D4}.Release|x64.ActiveCfg = Release|Any CPU
		{BBF252CB-E745-4E78-A8A2-CA4EEBFD08D4}.Release|x64.Build.0 = Release|Any CPU
		{BBF252CB-E745-4E78-A8A2-CA4EEBFD08D4}.Release|x86.ActiveCfg = Release|Any CPU
		{BBF252CB-E745-4E78-A8A2-CA4EEBFD08D4}.Release|x86.Build.0 = Release|Any CPU
		{D094AB26-BBE0-4810-9AFC-E2B84A43BC0C}.Debug|Any CPU.ActiveCfg = Debug|Any CPU
		{D094AB26-BBE0-4810-9AFC-E2B84A43BC0C}.Debug|Any CPU.Build.0 = Debug|Any CPU
		{D094AB26-BBE0-4810-9AFC-E2B84A43BC0C}.Debug|x64.ActiveCfg = Debug|Any CPU
		{D094AB26-BBE0-4810-9AFC-E2B84A43BC0C}.Debug|x64.Build.0 = Debug|Any CPU
		{D094AB26-BBE0-4810-9AFC-E2B84A43BC0C}.Debug|x86.ActiveCfg = Debug|Any CPU
		{D094AB26-BBE0-4810-9AFC-E2B84A43BC0C}.Debug|x86.Build.0 = Debug|Any CPU
		{D094AB26-BBE0-4810-9AFC-E2B84A43BC0C}.Release|Any CPU.ActiveCfg = Release|Any CPU
		{D094AB26-BBE0-4810-9AFC-E2B84A43BC0C}.Release|Any CPU.Build.0 = Release|Any CPU
		{D094AB26-BBE0-4810-9AFC-E2B84A43BC0C}.Release|x64.ActiveCfg = Release|Any CPU
		{D094AB26-BBE0-4810-9AFC-E2B84A43BC0C}.Release|x64.Build.0 = Release|Any CPU
		{D094AB26-BBE0-4810-9AFC-E2B84A43BC0C}.Release|x86.ActiveCfg = Release|Any CPU
		{D094AB26-BBE0-4810-9AFC-E2B84A43BC0C}.Release|x86.Build.0 = Release|Any CPU
		{58065011-30AB-4194-9406-3B5EBE8D1C18}.Debug|Any CPU.ActiveCfg = Debug|Any CPU
		{58065011-30AB-4194-9406-3B5EBE8D1C18}.Debug|Any CPU.Build.0 = Debug|Any CPU
		{58065011-30AB-4194-9406-3B5EBE8D1C18}.Debug|x64.ActiveCfg = Debug|Any CPU
		{58065011-30AB-4194-9406-3B5EBE8D1C18}.Debug|x64.Build.0 = Debug|Any CPU
		{58065011-30AB-4194-9406-3B5EBE8D1C18}.Debug|x86.ActiveCfg = Debug|Any CPU
		{58065011-30AB-4194-9406-3B5EBE8D1C18}.Debug|x86.Build.0 = Debug|Any CPU
		{58065011-30AB-4194-9406-3B5EBE8D1C18}.Release|Any CPU.ActiveCfg = Release|Any CPU
		{58065011-30AB-4194-9406-3B5EBE8D1C18}.Release|Any CPU.Build.0 = Release|Any CPU
		{58065011-30AB-4194-9406-3B5EBE8D1C18}.Release|x64.ActiveCfg = Release|Any CPU
		{58065011-30AB-4194-9406-3B5EBE8D1C18}.Release|x64.Build.0 = Release|Any CPU
		{58065011-30AB-4194-9406-3B5EBE8D1C18}.Release|x86.ActiveCfg = Release|Any CPU
		{58065011-30AB-4194-9406-3B5EBE8D1C18}.Release|x86.Build.0 = Release|Any CPU
		{3BC5D356-507C-40D4-972E-A4CCD013030C}.Debug|Any CPU.ActiveCfg = Debug|Any CPU
		{3BC5D356-507C-40D4-972E-A4CCD013030C}.Debug|Any CPU.Build.0 = Debug|Any CPU
		{3BC5D356-507C-40D4-972E-A4CCD013030C}.Debug|x64.ActiveCfg = Debug|Any CPU
		{3BC5D356-507C-40D4-972E-A4CCD013030C}.Debug|x64.Build.0 = Debug|Any CPU
		{3BC5D356-507C-40D4-972E-A4CCD013030C}.Debug|x86.ActiveCfg = Debug|Any CPU
		{3BC5D356-507C-40D4-972E-A4CCD013030C}.Debug|x86.Build.0 = Debug|Any CPU
		{3BC5D356-507C-40D4-972E-A4CCD013030C}.Release|Any CPU.ActiveCfg = Release|Any CPU
		{3BC5D356-507C-40D4-972E-A4CCD013030C}.Release|Any CPU.Build.0 = Release|Any CPU
		{3BC5D356-507C-40D4-972E-A4CCD013030C}.Release|x64.ActiveCfg = Release|Any CPU
		{3BC5D356-507C-40D4-972E-A4CCD013030C}.Release|x64.Build.0 = Release|Any CPU
		{3BC5D356-507C-40D4-972E-A4CCD013030C}.Release|x86.ActiveCfg = Release|Any CPU
		{3BC5D356-507C-40D4-972E-A4CCD013030C}.Release|x86.Build.0 = Release|Any CPU
		{D07E87AE-2785-44B0-9D05-77CD0A6789C5}.Debug|Any CPU.ActiveCfg = Debug|Any CPU
		{D07E87AE-2785-44B0-9D05-77CD0A6789C5}.Debug|Any CPU.Build.0 = Debug|Any CPU
		{D07E87AE-2785-44B0-9D05-77CD0A6789C5}.Debug|x64.ActiveCfg = Debug|Any CPU
		{D07E87AE-2785-44B0-9D05-77CD0A6789C5}.Debug|x64.Build.0 = Debug|Any CPU
		{D07E87AE-2785-44B0-9D05-77CD0A6789C5}.Debug|x86.ActiveCfg = Debug|Any CPU
		{D07E87AE-2785-44B0-9D05-77CD0A6789C5}.Debug|x86.Build.0 = Debug|Any CPU
		{D07E87AE-2785-44B0-9D05-77CD0A6789C5}.Release|Any CPU.ActiveCfg = Release|Any CPU
		{D07E87AE-2785-44B0-9D05-77CD0A6789C5}.Release|Any CPU.Build.0 = Release|Any CPU
		{D07E87AE-2785-44B0-9D05-77CD0A6789C5}.Release|x64.ActiveCfg = Release|Any CPU
		{D07E87AE-2785-44B0-9D05-77CD0A6789C5}.Release|x64.Build.0 = Release|Any CPU
		{D07E87AE-2785-44B0-9D05-77CD0A6789C5}.Release|x86.ActiveCfg = Release|Any CPU
		{D07E87AE-2785-44B0-9D05-77CD0A6789C5}.Release|x86.Build.0 = Release|Any CPU
		{69B53E58-3FA5-4E2C-8067-13250C6DFC29}.Debug|Any CPU.ActiveCfg = Debug|Any CPU
		{69B53E58-3FA5-4E2C-8067-13250C6DFC29}.Debug|Any CPU.Build.0 = Debug|Any CPU
		{69B53E58-3FA5-4E2C-8067-13250C6DFC29}.Debug|x64.ActiveCfg = Debug|Any CPU
		{69B53E58-3FA5-4E2C-8067-13250C6DFC29}.Debug|x64.Build.0 = Debug|Any CPU
		{69B53E58-3FA5-4E2C-8067-13250C6DFC29}.Debug|x86.ActiveCfg = Debug|Any CPU
		{69B53E58-3FA5-4E2C-8067-13250C6DFC29}.Debug|x86.Build.0 = Debug|Any CPU
		{69B53E58-3FA5-4E2C-8067-13250C6DFC29}.Release|Any CPU.ActiveCfg = Release|Any CPU
		{69B53E58-3FA5-4E2C-8067-13250C6DFC29}.Release|Any CPU.Build.0 = Release|Any CPU
		{69B53E58-3FA5-4E2C-8067-13250C6DFC29}.Release|x64.ActiveCfg = Release|Any CPU
		{69B53E58-3FA5-4E2C-8067-13250C6DFC29}.Release|x64.Build.0 = Release|Any CPU
		{69B53E58-3FA5-4E2C-8067-13250C6DFC29}.Release|x86.ActiveCfg = Release|Any CPU
		{69B53E58-3FA5-4E2C-8067-13250C6DFC29}.Release|x86.Build.0 = Release|Any CPU
		{FAB21A12-535D-4B47-B529-E9D1AF9122D2}.Debug|Any CPU.ActiveCfg = Debug|Any CPU
		{FAB21A12-535D-4B47-B529-E9D1AF9122D2}.Debug|Any CPU.Build.0 = Debug|Any CPU
		{FAB21A12-535D-4B47-B529-E9D1AF9122D2}.Debug|x64.ActiveCfg = Debug|Any CPU
		{FAB21A12-535D-4B47-B529-E9D1AF9122D2}.Debug|x64.Build.0 = Debug|Any CPU
		{FAB21A12-535D-4B47-B529-E9D1AF9122D2}.Debug|x86.ActiveCfg = Debug|Any CPU
		{FAB21A12-535D-4B47-B529-E9D1AF9122D2}.Debug|x86.Build.0 = Debug|Any CPU
		{FAB21A12-535D-4B47-B529-E9D1AF9122D2}.Release|Any CPU.ActiveCfg = Release|Any CPU
		{FAB21A12-535D-4B47-B529-E9D1AF9122D2}.Release|Any CPU.Build.0 = Release|Any CPU
		{FAB21A12-535D-4B47-B529-E9D1AF9122D2}.Release|x64.ActiveCfg = Release|Any CPU
		{FAB21A12-535D-4B47-B529-E9D1AF9122D2}.Release|x64.Build.0 = Release|Any CPU
		{FAB21A12-535D-4B47-B529-E9D1AF9122D2}.Release|x86.ActiveCfg = Release|Any CPU
		{FAB21A12-535D-4B47-B529-E9D1AF9122D2}.Release|x86.Build.0 = Release|Any CPU
		{BC967361-E0EC-4D55-8EA4-6F9CB3383D75}.Debug|Any CPU.ActiveCfg = Debug|Any CPU
		{BC967361-E0EC-4D55-8EA4-6F9CB3383D75}.Debug|Any CPU.Build.0 = Debug|Any CPU
		{BC967361-E0EC-4D55-8EA4-6F9CB3383D75}.Debug|x64.ActiveCfg = Debug|Any CPU
		{BC967361-E0EC-4D55-8EA4-6F9CB3383D75}.Debug|x64.Build.0 = Debug|Any CPU
		{BC967361-E0EC-4D55-8EA4-6F9CB3383D75}.Debug|x86.ActiveCfg = Debug|Any CPU
		{BC967361-E0EC-4D55-8EA4-6F9CB3383D75}.Debug|x86.Build.0 = Debug|Any CPU
		{BC967361-E0EC-4D55-8EA4-6F9CB3383D75}.Release|Any CPU.ActiveCfg = Release|Any CPU
		{BC967361-E0EC-4D55-8EA4-6F9CB3383D75}.Release|Any CPU.Build.0 = Release|Any CPU
		{BC967361-E0EC-4D55-8EA4-6F9CB3383D75}.Release|x64.ActiveCfg = Release|Any CPU
		{BC967361-E0EC-4D55-8EA4-6F9CB3383D75}.Release|x64.Build.0 = Release|Any CPU
		{BC967361-E0EC-4D55-8EA4-6F9CB3383D75}.Release|x86.ActiveCfg = Release|Any CPU
		{BC967361-E0EC-4D55-8EA4-6F9CB3383D75}.Release|x86.Build.0 = Release|Any CPU
		{0E6E304A-A0FF-40F0-8D8D-A5C952CE7285}.Debug|Any CPU.ActiveCfg = Debug|Any CPU
		{0E6E304A-A0FF-40F0-8D8D-A5C952CE7285}.Debug|Any CPU.Build.0 = Debug|Any CPU
		{0E6E304A-A0FF-40F0-8D8D-A5C952CE7285}.Debug|x64.ActiveCfg = Debug|Any CPU
		{0E6E304A-A0FF-40F0-8D8D-A5C952CE7285}.Debug|x64.Build.0 = Debug|Any CPU
		{0E6E304A-A0FF-40F0-8D8D-A5C952CE7285}.Debug|x86.ActiveCfg = Debug|Any CPU
		{0E6E304A-A0FF-40F0-8D8D-A5C952CE7285}.Debug|x86.Build.0 = Debug|Any CPU
		{0E6E304A-A0FF-40F0-8D8D-A5C952CE7285}.Release|Any CPU.ActiveCfg = Release|Any CPU
		{0E6E304A-A0FF-40F0-8D8D-A5C952CE7285}.Release|Any CPU.Build.0 = Release|Any CPU
		{0E6E304A-A0FF-40F0-8D8D-A5C952CE7285}.Release|x64.ActiveCfg = Release|Any CPU
		{0E6E304A-A0FF-40F0-8D8D-A5C952CE7285}.Release|x64.Build.0 = Release|Any CPU
		{0E6E304A-A0FF-40F0-8D8D-A5C952CE7285}.Release|x86.ActiveCfg = Release|Any CPU
		{0E6E304A-A0FF-40F0-8D8D-A5C952CE7285}.Release|x86.Build.0 = Release|Any CPU
		{FDF8AB65-3D5A-462F-BD79-E1AE5EC2577A}.Debug|Any CPU.ActiveCfg = Debug|Any CPU
		{FDF8AB65-3D5A-462F-BD79-E1AE5EC2577A}.Debug|Any CPU.Build.0 = Debug|Any CPU
		{FDF8AB65-3D5A-462F-BD79-E1AE5EC2577A}.Debug|x64.ActiveCfg = Debug|Any CPU
		{FDF8AB65-3D5A-462F-BD79-E1AE5EC2577A}.Debug|x64.Build.0 = Debug|Any CPU
		{FDF8AB65-3D5A-462F-BD79-E1AE5EC2577A}.Debug|x86.ActiveCfg = Debug|Any CPU
		{FDF8AB65-3D5A-462F-BD79-E1AE5EC2577A}.Debug|x86.Build.0 = Debug|Any CPU
		{FDF8AB65-3D5A-462F-BD79-E1AE5EC2577A}.Release|Any CPU.ActiveCfg = Release|Any CPU
		{FDF8AB65-3D5A-462F-BD79-E1AE5EC2577A}.Release|Any CPU.Build.0 = Release|Any CPU
		{FDF8AB65-3D5A-462F-BD79-E1AE5EC2577A}.Release|x64.ActiveCfg = Release|Any CPU
		{FDF8AB65-3D5A-462F-BD79-E1AE5EC2577A}.Release|x64.Build.0 = Release|Any CPU
		{FDF8AB65-3D5A-462F-BD79-E1AE5EC2577A}.Release|x86.ActiveCfg = Release|Any CPU
		{FDF8AB65-3D5A-462F-BD79-E1AE5EC2577A}.Release|x86.Build.0 = Release|Any CPU
		{EE3AD0AF-BE45-486F-AD01-E98454449E38}.Debug|Any CPU.ActiveCfg = Debug|Any CPU
		{EE3AD0AF-BE45-486F-AD01-E98454449E38}.Debug|Any CPU.Build.0 = Debug|Any CPU
		{EE3AD0AF-BE45-486F-AD01-E98454449E38}.Debug|x64.ActiveCfg = Debug|Any CPU
		{EE3AD0AF-BE45-486F-AD01-E98454449E38}.Debug|x64.Build.0 = Debug|Any CPU
		{EE3AD0AF-BE45-486F-AD01-E98454449E38}.Debug|x86.ActiveCfg = Debug|Any CPU
		{EE3AD0AF-BE45-486F-AD01-E98454449E38}.Debug|x86.Build.0 = Debug|Any CPU
		{EE3AD0AF-BE45-486F-AD01-E98454449E38}.Release|Any CPU.ActiveCfg = Release|Any CPU
		{EE3AD0AF-BE45-486F-AD01-E98454449E38}.Release|Any CPU.Build.0 = Release|Any CPU
		{EE3AD0AF-BE45-486F-AD01-E98454449E38}.Release|x64.ActiveCfg = Release|Any CPU
		{EE3AD0AF-BE45-486F-AD01-E98454449E38}.Release|x64.Build.0 = Release|Any CPU
		{EE3AD0AF-BE45-486F-AD01-E98454449E38}.Release|x86.ActiveCfg = Release|Any CPU
		{EE3AD0AF-BE45-486F-AD01-E98454449E38}.Release|x86.Build.0 = Release|Any CPU
		{01AC8F29-98DF-404B-BA53-C93A7D331A3F}.Debug|Any CPU.ActiveCfg = Debug|Any CPU
		{01AC8F29-98DF-404B-BA53-C93A7D331A3F}.Debug|Any CPU.Build.0 = Debug|Any CPU
		{01AC8F29-98DF-404B-BA53-C93A7D331A3F}.Debug|x64.ActiveCfg = Debug|Any CPU
		{01AC8F29-98DF-404B-BA53-C93A7D331A3F}.Debug|x64.Build.0 = Debug|Any CPU
		{01AC8F29-98DF-404B-BA53-C93A7D331A3F}.Debug|x86.ActiveCfg = Debug|Any CPU
		{01AC8F29-98DF-404B-BA53-C93A7D331A3F}.Debug|x86.Build.0 = Debug|Any CPU
		{01AC8F29-98DF-404B-BA53-C93A7D331A3F}.Release|Any CPU.ActiveCfg = Release|Any CPU
		{01AC8F29-98DF-404B-BA53-C93A7D331A3F}.Release|Any CPU.Build.0 = Release|Any CPU
		{01AC8F29-98DF-404B-BA53-C93A7D331A3F}.Release|x64.ActiveCfg = Release|Any CPU
		{01AC8F29-98DF-404B-BA53-C93A7D331A3F}.Release|x64.Build.0 = Release|Any CPU
		{01AC8F29-98DF-404B-BA53-C93A7D331A3F}.Release|x86.ActiveCfg = Release|Any CPU
		{01AC8F29-98DF-404B-BA53-C93A7D331A3F}.Release|x86.Build.0 = Release|Any CPU
	EndGlobalSection
	GlobalSection(SolutionProperties) = preSolution
		HideSolutionNode = FALSE
	EndGlobalSection
	GlobalSection(NestedProjects) = preSolution
		{930532A0-CCB0-4E41-95FE-34E475DBF631} = {827E0CD3-B72D-47B6-A68D-7590B98EB39B}
		{16AEA836-F506-417E-B797-B2D107C77C46} = {827E0CD3-B72D-47B6-A68D-7590B98EB39B}
		{6CEA6296-A7B1-47F7-82CA-13003E6CD17F} = {827E0CD3-B72D-47B6-A68D-7590B98EB39B}
		{04F60A49-5ACA-405A-ABCE-D813E5F24356} = {827E0CD3-B72D-47B6-A68D-7590B98EB39B}
		{B31B7AA2-993F-4389-8F5D-A0D163562446} = {827E0CD3-B72D-47B6-A68D-7590B98EB39B}
		{8EC5DD02-4EA1-494C-AA41-DC8400DEF8A3} = {827E0CD3-B72D-47B6-A68D-7590B98EB39B}
		{7FAEEA7E-2198-4E52-BA33-2ED37648431F} = {827E0CD3-B72D-47B6-A68D-7590B98EB39B}
		{016DDC5D-59D2-47A7-9B66-7304E02FA642} = {827E0CD3-B72D-47B6-A68D-7590B98EB39B}
		{6C9C0985-BF8E-4B9A-861F-E8716AB803CF} = {827E0CD3-B72D-47B6-A68D-7590B98EB39B}
		{36B1A821-1AD2-4BD4-B08E-A149635C7983} = {827E0CD3-B72D-47B6-A68D-7590B98EB39B}
		{84D42EAC-7797-4DD3-99BB-E00257FBA64D} = {827E0CD3-B72D-47B6-A68D-7590B98EB39B}
		{B0AA68EF-A13B-4130-A2E8-EA7F99FCEC57} = {827E0CD3-B72D-47B6-A68D-7590B98EB39B}
		{BBF252CB-E745-4E78-A8A2-CA4EEBFD08D4} = {827E0CD3-B72D-47B6-A68D-7590B98EB39B}
		{D094AB26-BBE0-4810-9AFC-E2B84A43BC0C} = {827E0CD3-B72D-47B6-A68D-7590B98EB39B}
		{58065011-30AB-4194-9406-3B5EBE8D1C18} = {827E0CD3-B72D-47B6-A68D-7590B98EB39B}
		{3BC5D356-507C-40D4-972E-A4CCD013030C} = {827E0CD3-B72D-47B6-A68D-7590B98EB39B}
		{D07E87AE-2785-44B0-9D05-77CD0A6789C5} = {827E0CD3-B72D-47B6-A68D-7590B98EB39B}
		{69B53E58-3FA5-4E2C-8067-13250C6DFC29} = {827E0CD3-B72D-47B6-A68D-7590B98EB39B}
		{FAB21A12-535D-4B47-B529-E9D1AF9122D2} = {827E0CD3-B72D-47B6-A68D-7590B98EB39B}
		{BC967361-E0EC-4D55-8EA4-6F9CB3383D75} = {827E0CD3-B72D-47B6-A68D-7590B98EB39B}
		{0E6E304A-A0FF-40F0-8D8D-A5C952CE7285} = {827E0CD3-B72D-47B6-A68D-7590B98EB39B}
		{FDF8AB65-3D5A-462F-BD79-E1AE5EC2577A} = {827E0CD3-B72D-47B6-A68D-7590B98EB39B}
		{EE3AD0AF-BE45-486F-AD01-E98454449E38} = {0AB3BF05-4346-4AA6-1389-037BE0695223}
		{01AC8F29-98DF-404B-BA53-C93A7D331A3F} = {0AB3BF05-4346-4AA6-1389-037BE0695223}
	EndGlobalSection
EndGlobal
